
Microsoft Visual Studio Solution File, Format Version 12.00
# Visual Studio 15
VisualStudioVersion = 15.0.25807.0
MinimumVisualStudioVersion = 10.0.40219.1
Project("{2150E333-8FDC-42A3-9474-1A3956D46DE8}") = "Engine", "Engine", "{94A6C6F3-99B3-346E-9557-ABF9D4064DBD}"
EndProject
Project("{2150E333-8FDC-42A3-9474-1A3956D46DE8}") = "Games", "Games", "{8E2F6A87-1826-34F4-940C-CC23A48F9FE4}"
EndProject
Project("{8BC9CEB8-8B4A-11D0-8D11-00A0C91BC942}") = "UE4", "Intermediate\ProjectFiles\UE4.vcxproj", "{70E80653-B45B-47C6-9FA0-98C5B0251C5E}"
EndProject
Project("{8BC9CEB8-8B4A-11D0-8D11-00A0C91BC942}") = "UnrealAsteroids_CPP", "Intermediate\ProjectFiles\UnrealAsteroids_CPP.vcxproj", "{663578B8-5741-4A0F-AA5E-E27BD516AABF}"
EndProject
Project("{2150E333-8FDC-42A3-9474-1A3956D46DE8}") = "Visualizers", "Visualizers", "{1CCEC849-CC72-4C59-8C36-2F7C38706D4C}"
	ProjectSection(SolutionItems) = preProject
		..\..\..\..\..\..\..\..\..\Program Files\Epic Games\UE_4.27\Engine\Extras\VisualStudioDebugging\UE4.natvis = ..\..\..\..\..\..\..\..\..\Program Files\Epic Games\UE_4.27\Engine\Extras\VisualStudioDebugging\UE4.natvis
	EndProjectSection
EndProject
Global
	GlobalSection(SolutionConfigurationPlatforms) = preSolution
		DebugGame Editor|Win32 = DebugGame Editor|Win32
		DebugGame Editor|Win64 = DebugGame Editor|Win64
		DebugGame|Win32 = DebugGame|Win32
		DebugGame|Win64 = DebugGame|Win64
		Development Editor|Win32 = Development Editor|Win32
		Development Editor|Win64 = Development Editor|Win64
		Development|Win32 = Development|Win32
		Development|Win64 = Development|Win64
		Shipping|Win32 = Shipping|Win32
		Shipping|Win64 = Shipping|Win64
	EndGlobalSection
	# Visual Assist Section
	GlobalSection(44630d46-96b5-488c-8df926e21db8c1a3) = preSolution
		ueSolution=true
	EndGlobalSection
	GlobalSection(ProjectConfigurationPlatforms) = postSolution
		{70E80653-B45B-47C6-9FA0-98C5B0251C5E}.DebugGame Editor|Win32.ActiveCfg = BuiltWithUnrealBuildTool|Win32
		{70E80653-B45B-47C6-9FA0-98C5B0251C5E}.DebugGame Editor|Win64.ActiveCfg = BuiltWithUnrealBuildTool|Win32
		{70E80653-B45B-47C6-9FA0-98C5B0251C5E}.DebugGame|Win32.ActiveCfg = BuiltWithUnrealBuildTool|Win32
		{70E80653-B45B-47C6-9FA0-98C5B0251C5E}.DebugGame|Win64.ActiveCfg = BuiltWithUnrealBuildTool|Win32
		{70E80653-B45B-47C6-9FA0-98C5B0251C5E}.Development Editor|Win32.ActiveCfg = BuiltWithUnrealBuildTool|Win32
		{70E80653-B45B-47C6-9FA0-98C5B0251C5E}.Development Editor|Win64.ActiveCfg = BuiltWithUnrealBuildTool|Win32
		{70E80653-B45B-47C6-9FA0-98C5B0251C5E}.Development|Win32.ActiveCfg = BuiltWithUnrealBuildTool|Win32
		{70E80653-B45B-47C6-9FA0-98C5B0251C5E}.Development|Win64.ActiveCfg = BuiltWithUnrealBuildTool|Win32
		{70E80653-B45B-47C6-9FA0-98C5B0251C5E}.Shipping|Win32.ActiveCfg = BuiltWithUnrealBuildTool|Win32
		{70E80653-B45B-47C6-9FA0-98C5B0251C5E}.Shipping|Win64.ActiveCfg = BuiltWithUnrealBuildTool|Win32
		{663578B8-5741-4A0F-AA5E-E27BD516AABF}.DebugGame Editor|Win32.ActiveCfg = Invalid|Win32
		{663578B8-5741-4A0F-AA5E-E27BD516AABF}.DebugGame Editor|Win64.ActiveCfg = DebugGame_Editor|x64
		{663578B8-5741-4A0F-AA5E-E27BD516AABF}.DebugGame Editor|Win64.Build.0 = DebugGame_Editor|x64
		{663578B8-5741-4A0F-AA5E-E27BD516AABF}.DebugGame|Win32.ActiveCfg = DebugGame|Win32
		{663578B8-5741-4A0F-AA5E-E27BD516AABF}.DebugGame|Win32.Build.0 = DebugGame|Win32
		{663578B8-5741-4A0F-AA5E-E27BD516AABF}.DebugGame|Win64.ActiveCfg = DebugGame|x64
		{663578B8-5741-4A0F-AA5E-E27BD516AABF}.DebugGame|Win64.Build.0 = DebugGame|x64
		{663578B8-5741-4A0F-AA5E-E27BD516AABF}.Development Editor|Win32.ActiveCfg = Invalid|Win32
		{663578B8-5741-4A0F-AA5E-E27BD516AABF}.Development Editor|Win64.ActiveCfg = Development_Editor|x64
		{663578B8-5741-4A0F-AA5E-E27BD516AABF}.Development Editor|Win64.Build.0 = Development_Editor|x64
		{663578B8-5741-4A0F-AA5E-E27BD516AABF}.Development|Win32.ActiveCfg = Development|Win32
		{663578B8-5741-4A0F-AA5E-E27BD516AABF}.Development|Win32.Build.0 = Development|Win32
		{663578B8-5741-4A0F-AA5E-E27BD516AABF}.Development|Win64.ActiveCfg = Development|x64
		{663578B8-5741-4A0F-AA5E-E27BD516AABF}.Development|Win64.Build.0 = Development|x64
		{663578B8-5741-4A0F-AA5E-E27BD516AABF}.Shipping|Win32.ActiveCfg = Shipping|Win32
		{663578B8-5741-4A0F-AA5E-E27BD516AABF}.Shipping|Win32.Build.0 = Shipping|Win32
		{663578B8-5741-4A0F-AA5E-E27BD516AABF}.Shipping|Win64.ActiveCfg = Shipping|x64
		{663578B8-5741-4A0F-AA5E-E27BD516AABF}.Shipping|Win64.Build.0 = Shipping|x64
	EndGlobalSection
	GlobalSection(SolutionProperties) = preSolution
		HideSolutionNode = FALSE
	EndGlobalSection
	GlobalSection(NestedProjects) = preSolution
		{70E80653-B45B-47C6-9FA0-98C5B0251C5E} = {94A6C6F3-99B3-346E-9557-ABF9D4064DBD}
		{663578B8-5741-4A0F-AA5E-E27BD516AABF} = {8E2F6A87-1826-34F4-940C-CC23A48F9FE4}
	EndGlobalSection
EndGlobal
